{
  "name": "server",
  "version": "1.0.0",
  "lockfileVersion": 3,
  "requires": true,
  "packages": {
    "": {
      "name": "server",
      "version": "1.0.0",
      "license": "MIT",
      "dependencies": {
        "ws13": "^1.0.8"
      }
    },
    "node_modules/ws13": {
      "version": "1.0.8",
      "resolved": "https://registry.npmjs.org/ws13/-/ws13-1.0.8.tgz",
      "integrity": "sha512-U7pODbqa12B7hE99niiXTMoV/CbPMKmDlTH9n+MYXgomPK6/y9HxbPZFqiIN0qGVIz1iM7zj80ozlkIBTZmRIw==",
      "funding": {
        "url": "https://manuel-lohmus.github.io/ws13/README.html#license"
      }
    }
  }
}
