{
  "name": "server",
  "version": "1.0.0",
  "lockfileVersion": 3,
  "requires": true,
  "packages": {
    "": {
      "name": "server",
      "version": "1.0.0",
      "license": "MIT",
      "dependencies": {
        "ws13": "^1.0.7"
      }
    },
    "node_modules/ws13": {
      "version": "1.0.7",
      "resolved": "https://registry.npmjs.org/ws13/-/ws13-1.0.7.tgz",
      "integrity": "sha512-6VRVV2Zv6rig9f0Iid/66su88G7o0fnJBU/mlBFDgS+rsRQZjOlwQvRvjUdbDdP5nRG3xT8/LtT8LCv6taA+lQ=="
    }
  }
}
