{
  "name": "server",
  "version": "1.0.0",
  "lockfileVersion": 3,
  "requires": true,
  "packages": {
    "": {
      "name": "server",
      "version": "1.0.0",
      "license": "MIT",
      "dependencies": {
        "ws13": "^1.0.0"
      }
    },
    "node_modules/ws13": {
      "version": "1.0.6",
      "resolved": "https://registry.npmjs.org/ws13/-/ws13-1.0.6.tgz",
      "integrity": "sha512-RH0y8usIMYP0xYxvKx/E73zYMmh0Hk6AW5R4pZJbRI6/aqHfB/KRxvtnJaNnynSrFJ0NX966lm6zKY14SxmyCw=="
    }
  }
}
